
Microsoft Visual Studio Solution File, Format Version 12.00
# Visual Studio Version 17
VisualStudioVersion = 17.9.34902.65
MinimumVisualStudioVersion = 10.0.40219.1
Project("{FAE04EC0-301F-11D3-BF4B-00C04F79EFBC}") = "Miotto.BankMore.TransferenciaApi.App", "Miotto.BankMore.TransferenciaApi.App\Miotto.BankMore.TransferenciaApi.App.csproj", "{82402A63-3BB0-43D4-949F-D46394C9ED01}"
EndProject
Project("{FAE04EC0-301F-11D3-BF4B-00C04F79EFBC}") = "Miotto.BankMore.TransferenciaApi.Domain", "Miotto.BankMore.TransferenciaApi.Domain\Miotto.BankMore.TransferenciaApi.Domain.csproj", "{DEDB525E-9956-4599-B8E3-19B1AAA0C689}"
EndProject
Project("{FAE04EC0-301F-11D3-BF4B-00C04F79EFBC}") = "Miotto.BankMore.TransferenciaApi.Infra", "Miotto.BankMore.TransferenciaApi.Infra\Miotto.BankMore.TransferenciaApi.Infra.csproj", "{C435D6EF-ABA9-4FAB-90D4-6225D88A16E4}"
EndProject
Project("{FAE04EC0-301F-11D3-BF4B-00C04F79EFBC}") = "Miotto.BankMore.TransferenciaApi.Service", "Miotto.BankMore.TransferenciaApi.Service\Miotto.BankMore.TransferenciaApi.Service.csproj", "{64C6FD63-8C7B-4EAD-8AD9-629992059888}"
EndProject
Project("{FAE04EC0-301F-11D3-BF4B-00C04F79EFBC}") = "Miotto.BankMore.TransferenciaApi.Tests", "Miotto.BankMore.TransferenciaApi.Tests\Miotto.BankMore.TransferenciaApi.Tests.csproj", "{471F85CB-08B7-41BB-ADBC-759FAF8F1DD1}"
EndProject
Global
	GlobalSection(SolutionConfigurationPlatforms) = preSolution
		Debug|Any CPU = Debug|Any CPU
		Release|Any CPU = Release|Any CPU
	EndGlobalSection
	GlobalSection(ProjectConfigurationPlatforms) = postSolution
		{82402A63-3BB0-43D4-949F-D46394C9ED01}.Debug|Any CPU.ActiveCfg = Debug|Any CPU
		{82402A63-3BB0-43D4-949F-D46394C9ED01}.Debug|Any CPU.Build.0 = Debug|Any CPU
		{82402A63-3BB0-43D4-949F-D46394C9ED01}.Release|Any CPU.ActiveCfg = Release|Any CPU
		{82402A63-3BB0-43D4-949F-D46394C9ED01}.Release|Any CPU.Build.0 = Release|Any CPU
		{DEDB525E-9956-4599-B8E3-19B1AAA0C689}.Debug|Any CPU.ActiveCfg = Debug|Any CPU
		{DEDB525E-9956-4599-B8E3-19B1AAA0C689}.Debug|Any CPU.Build.0 = Debug|Any CPU
		{DEDB525E-9956-4599-B8E3-19B1AAA0C689}.Release|Any CPU.ActiveCfg = Release|Any CPU
		{DEDB525E-9956-4599-B8E3-19B1AAA0C689}.Release|Any CPU.Build.0 = Release|Any CPU
		{C435D6EF-ABA9-4FAB-90D4-6225D88A16E4}.Debug|Any CPU.ActiveCfg = Debug|Any CPU
		{C435D6EF-ABA9-4FAB-90D4-6225D88A16E4}.Debug|Any CPU.Build.0 = Debug|Any CPU
		{C435D6EF-ABA9-4FAB-90D4-6225D88A16E4}.Release|Any CPU.ActiveCfg = Release|Any CPU
		{C435D6EF-ABA9-4FAB-90D4-6225D88A16E4}.Release|Any CPU.Build.0 = Release|Any CPU
		{64C6FD63-8C7B-4EAD-8AD9-629992059888}.Debug|Any CPU.ActiveCfg = Debug|Any CPU
		{64C6FD63-8C7B-4EAD-8AD9-629992059888}.Debug|Any CPU.Build.0 = Debug|Any CPU
		{64C6FD63-8C7B-4EAD-8AD9-629992059888}.Release|Any CPU.ActiveCfg = Release|Any CPU
		{64C6FD63-8C7B-4EAD-8AD9-629992059888}.Release|Any CPU.Build.0 = Release|Any CPU
		{471F85CB-08B7-41BB-ADBC-759FAF8F1DD1}.Debug|Any CPU.ActiveCfg = Debug|Any CPU
		{471F85CB-08B7-41BB-ADBC-759FAF8F1DD1}.Debug|Any CPU.Build.0 = Debug|Any CPU
		{471F85CB-08B7-41BB-ADBC-759FAF8F1DD1}.Release|Any CPU.ActiveCfg = Release|Any CPU
		{471F85CB-08B7-41BB-ADBC-759FAF8F1DD1}.Release|Any CPU.Build.0 = Release|Any CPU
	EndGlobalSection
	GlobalSection(SolutionProperties) = preSolution
		HideSolutionNode = FALSE
	EndGlobalSection
	GlobalSection(ExtensibilityGlobals) = postSolution
		SolutionGuid = {A0825F8E-DA52-480B-86CA-5BD9B0BE8008}
	EndGlobalSection
EndGlobal
